
Microsoft Visual Studio Solution File, Format Version 12.00
# Visual Studio Version 17
VisualStudioVersion = 17.6.33723.286
MinimumVisualStudioVersion = 10.0.40219.1
Project("{FAE04EC0-301F-11D3-BF4B-00C04F79EFBC}") = "Infrassur.Contralia.Api", "Infrassur.Contralia.Api\Infrassur.Contralia.Api.csproj", "{A80B9D79-D833-44F7-B189-C9EB640407C0}"
EndProject
Project("{FAE04EC0-301F-11D3-BF4B-00C04F79EFBC}") = "Contracts.Services", "Contracts.Services\Contracts.Services.csproj", "{D4D0F938-6F5B-4A1F-930E-FD66A29E3D78}"
EndProject
Project("{FAE04EC0-301F-11D3-BF4B-00C04F79EFBC}") = "Services", "Services\Services.csproj", "{9597467F-CB02-439B-9659-6A156A55C58A}"
EndProject
Project("{FAE04EC0-301F-11D3-BF4B-00C04F79EFBC}") = "Entities", "Entities\Entities.csproj", "{A53A1ED7-F013-4BEA-B4EC-7062500FDA18}"
EndProject
Project("{FAE04EC0-301F-11D3-BF4B-00C04F79EFBC}") = "DataTransfertObjects", "DataObjectsTransfert\DataTransfertObjects.csproj", "{23C232AA-E888-422C-BAF1-D9629993488F}"
EndProject
Global
	GlobalSection(SolutionConfigurationPlatforms) = preSolution
		Debug|Any CPU = Debug|Any CPU
		Release|Any CPU = Release|Any CPU
	EndGlobalSection
	GlobalSection(ProjectConfigurationPlatforms) = postSolution
		{A80B9D79-D833-44F7-B189-C9EB640407C0}.Debug|Any CPU.ActiveCfg = Debug|Any CPU
		{A80B9D79-D833-44F7-B189-C9EB640407C0}.Debug|Any CPU.Build.0 = Debug|Any CPU
		{A80B9D79-D833-44F7-B189-C9EB640407C0}.Release|Any CPU.ActiveCfg = Release|Any CPU
		{A80B9D79-D833-44F7-B189-C9EB640407C0}.Release|Any CPU.Build.0 = Release|Any CPU
		{D4D0F938-6F5B-4A1F-930E-FD66A29E3D78}.Debug|Any CPU.ActiveCfg = Debug|Any CPU
		{D4D0F938-6F5B-4A1F-930E-FD66A29E3D78}.Debug|Any CPU.Build.0 = Debug|Any CPU
		{D4D0F938-6F5B-4A1F-930E-FD66A29E3D78}.Release|Any CPU.ActiveCfg = Release|Any CPU
		{D4D0F938-6F5B-4A1F-930E-FD66A29E3D78}.Release|Any CPU.Build.0 = Release|Any CPU
		{9597467F-CB02-439B-9659-6A156A55C58A}.Debug|Any CPU.ActiveCfg = Debug|Any CPU
		{9597467F-CB02-439B-9659-6A156A55C58A}.Debug|Any CPU.Build.0 = Debug|Any CPU
		{9597467F-CB02-439B-9659-6A156A55C58A}.Release|Any CPU.ActiveCfg = Release|Any CPU
		{9597467F-CB02-439B-9659-6A156A55C58A}.Release|Any CPU.Build.0 = Release|Any CPU
		{A53A1ED7-F013-4BEA-B4EC-7062500FDA18}.Debug|Any CPU.ActiveCfg = Debug|Any CPU
		{A53A1ED7-F013-4BEA-B4EC-7062500FDA18}.Debug|Any CPU.Build.0 = Debug|Any CPU
		{A53A1ED7-F013-4BEA-B4EC-7062500FDA18}.Release|Any CPU.ActiveCfg = Release|Any CPU
		{A53A1ED7-F013-4BEA-B4EC-7062500FDA18}.Release|Any CPU.Build.0 = Release|Any CPU
		{23C232AA-E888-422C-BAF1-D9629993488F}.Debug|Any CPU.ActiveCfg = Debug|Any CPU
		{23C232AA-E888-422C-BAF1-D9629993488F}.Debug|Any CPU.Build.0 = Debug|Any CPU
		{23C232AA-E888-422C-BAF1-D9629993488F}.Release|Any CPU.ActiveCfg = Release|Any CPU
		{23C232AA-E888-422C-BAF1-D9629993488F}.Release|Any CPU.Build.0 = Release|Any CPU
	EndGlobalSection
	GlobalSection(SolutionProperties) = preSolution
		HideSolutionNode = FALSE
	EndGlobalSection
	GlobalSection(ExtensibilityGlobals) = postSolution
		SolutionGuid = {C0946227-E8A3-4C15-A7CC-4824AAA7C306}
	EndGlobalSection
EndGlobal
